
Microsoft Visual Studio Solution File, Format Version 12.00
# Visual Studio Version 17
VisualStudioVersion = 17.4.33205.214
MinimumVisualStudioVersion = 10.0.40219.1
Project("{FAE04EC0-301F-11D3-BF4B-00C04F79EFBC}") = "GruppProjekt", "GruppProjekt\GruppProjekt.csproj", "{1F6F08B6-84ED-4882-8A5A-86759800E601}"
EndProject
Global
	GlobalSection(SolutionConfigurationPlatforms) = preSolution
		Debug|Any CPU = Debug|Any CPU
		Release|Any CPU = Release|Any CPU
	EndGlobalSection
	GlobalSection(ProjectConfigurationPlatforms) = postSolution
		{1F6F08B6-84ED-4882-8A5A-86759800E601}.Debug|Any CPU.ActiveCfg = Debug|Any CPU
		{1F6F08B6-84ED-4882-8A5A-86759800E601}.Debug|Any CPU.Build.0 = Debug|Any CPU
		{1F6F08B6-84ED-4882-8A5A-86759800E601}.Release|Any CPU.ActiveCfg = Release|Any CPU
		{1F6F08B6-84ED-4882-8A5A-86759800E601}.Release|Any CPU.Build.0 = Release|Any CPU
	EndGlobalSection
	GlobalSection(SolutionProperties) = preSolution
		HideSolutionNode = FALSE
	EndGlobalSection
	GlobalSection(ExtensibilityGlobals) = postSolution
		SolutionGuid = {A5E88FEE-03A0-43B7-84C8-18F563B18372}
	EndGlobalSection
EndGlobal
